{
    "_readme": [
        "This file locks the dependencies of your project to a known state",
        "Read more about it at https://getcomposer.org/doc/01-basic-usage.md#composer-lock-the-lock-file",
        "This file is @generated automatically"
    ],
    "content-hash": "972344ef9dbfffc83bc1b43f8bbb984c",
    "packages": [
        {
            "name": "spatie/array-to-xml",
            "version": "2.7.0",
            "source": {
                "type": "git",
                "url": "https://github.com/spatie/array-to-xml.git",
                "reference": "abea6694036ab2d818ceb5c80485a24833a0f9cc"
            },
            "dist": {
                "type": "zip",
                "url": "https://api.github.com/repos/spatie/array-to-xml/zipball/abea6694036ab2d818ceb5c80485a24833a0f9cc",
                "reference": "abea6694036ab2d818ceb5c80485a24833a0f9cc",
                "shasum": ""
            },
            "require": {
                "php": "^7.0"
            },
            "require-dev": {
                "mockery/mockery": "0.9.*",
                "phpunit/phpunit": "^6.3",
                "spatie/phpunit-snapshot-assertions": "^1.0"
            },
            "type": "library",
            "autoload": {
                "psr-4": {
                    "Spatie\\ArrayToXml\\": "src"
                }
            },
            "notification-url": "https://packagist.org/downloads/",
            "license": [
                "MIT"
            ],
            "authors": [
                {
                    "name": "Freek Van der Herten",
                    "email": "freek@spatie.be",
                    "homepage": "https://murze.be",
                    "role": "Developer"
                }
            ],
            "description": "Convert an array to xml",
            "homepage": "https://github.com/spatie/array-to-xml",
            "keywords": [
                "array",
                "convert",
                "xml"
            ],
            "time": "2017-09-07T17:44:43+00:00"
        }
    ],
    "packages-dev": [],
    "aliases": [],
    "minimum-stability": "stable",
    "stability-flags": [],
    "prefer-stable": false,
    "prefer-lowest": false,
    "platform": {
        "php": ">=7.0"
    },
    "platform-dev": []
}
